
Microsoft Visual Studio Solution File, Format Version 12.00
# Visual Studio 2012
Project("{FAE04EC0-301F-11D3-BF4B-00C04F79EFBC}") = "Cync", "Cync\Cync.csproj", "{0E9DB353-37AC-4520-8043-279AA73528CF}"
EndProject
Global
	GlobalSection(SolutionConfigurationPlatforms) = preSolution
		Debug|Any CPU = Debug|Any CPU
		Release|Any CPU = Release|Any CPU
	EndGlobalSection
	GlobalSection(ProjectConfigurationPlatforms) = postSolution
		{0E9DB353-37AC-4520-8043-279AA73528CF}.Debug|Any CPU.ActiveCfg = Debug|Any CPU
		{0E9DB353-37AC-4520-8043-279AA73528CF}.Debug|Any CPU.Build.0 = Debug|Any CPU
		{0E9DB353-37AC-4520-8043-279AA73528CF}.Release|Any CPU.ActiveCfg = Release|Any CPU
		{0E9DB353-37AC-4520-8043-279AA73528CF}.Release|Any CPU.Build.0 = Release|Any CPU
	EndGlobalSection
	GlobalSection(SolutionProperties) = preSolution
		HideSolutionNode = FALSE
	EndGlobalSection
EndGlobal
